// !$*UTF8*$!
{
	archiveVersion = 1;
	classes = {
	};
	objectVersion = 46;
	objects = {

/* Begin PBXBuildFile section */
		717E05351BFAED4D005CDC8B /* main.m in Sources */ = {isa = PBXBuildFile; fileRef = 717E05341BFAED4D005CDC8B /* main.m */; };
		717E05381BFAED4D005CDC8B /* AppDelegate.m in Sources */ = {isa = PBXBuildFile; fileRef = 717E05371BFAED4D005CDC8B /* AppDelegate.m */; };
		717E053B1BFAED4D005CDC8B /* ViewController.m in Sources */ = {isa = PBXBuildFile; fileRef = 717E053A1BFAED4D005CDC8B /* ViewController.m */; };
		717E053E1BFAED4D005CDC8B /* Main.storyboard in Resources */ = {isa = PBXBuildFile; fileRef = 717E053C1BFAED4D005CDC8B /* Main.storyboard */; };
		717E05401BFAED4D005CDC8B /* Assets.xcassets in Resources */ = {isa = PBXBuildFile; fileRef = 717E053F1BFAED4D005CDC8B /* Assets.xcassets */; };
		717E05431BFAED4D005CDC8B /* LaunchScreen.storyboard in Resources */ = {isa = PBXBuildFile; fileRef = 717E05411BFAED4D005CDC8B /* LaunchScreen.storyboard */; };
		717E05921BFB2B42005CDC8B /* ALAssetsLibrary+CodeFragments.m in Sources */ = {isa = PBXBuildFile; fileRef = 717E057A1BFB2B42005CDC8B /* ALAssetsLibrary+CodeFragments.m */; };
		717E05931BFB2B42005CDC8B /* NSArray+CodeFragments.m in Sources */ = {isa = PBXBuildFile; fileRef = 717E057E1BFB2B42005CDC8B /* NSArray+CodeFragments.m */; };
		717E05941BFB2B42005CDC8B /* NSData+CodeFragments.m in Sources */ = {isa = PBXBuildFile; fileRef = 717E05801BFB2B42005CDC8B /* NSData+CodeFragments.m */; };
		717E05951BFB2B42005CDC8B /* NSDate+CodeFragments.m in Sources */ = {isa = PBXBuildFile; fileRef = 717E05821BFB2B42005CDC8B /* NSDate+CodeFragments.m */; };
		717E05961BFB2B42005CDC8B /* NSDateTimeAgo.bundle in Resources */ = {isa = PBXBuildFile; fileRef = 717E05831BFB2B42005CDC8B /* NSDateTimeAgo.bundle */; };
		717E05971BFB2B42005CDC8B /* NSDictionary+CodeFragments.m in Sources */ = {isa = PBXBuildFile; fileRef = 717E05851BFB2B42005CDC8B /* NSDictionary+CodeFragments.m */; };
		717E05981BFB2B42005CDC8B /* NSObject+CodeFragments.m in Sources */ = {isa = PBXBuildFile; fileRef = 717E05871BFB2B42005CDC8B /* NSObject+CodeFragments.m */; };
		717E05991BFB2B42005CDC8B /* NSString+CodeFragments.m in Sources */ = {isa = PBXBuildFile; fileRef = 717E05891BFB2B42005CDC8B /* NSString+CodeFragments.m */; };
		717E059A1BFB2B42005CDC8B /* NSTimer+CodeFragments.m in Sources */ = {isa = PBXBuildFile; fileRef = 717E058B1BFB2B42005CDC8B /* NSTimer+CodeFragments.m */; };
		717E059B1BFB2B42005CDC8B /* UIColor+CodeFragments.m in Sources */ = {isa = PBXBuildFile; fileRef = 717E058D1BFB2B42005CDC8B /* UIColor+CodeFragments.m */; };
		717E059C1BFB2B42005CDC8B /* UIImage+CodeFragments.m in Sources */ = {isa = PBXBuildFile; fileRef = 717E058F1BFB2B42005CDC8B /* UIImage+CodeFragments.m */; };
		717E059D1BFB2B42005CDC8B /* UIView+CodeFragments.m in Sources */ = {isa = PBXBuildFile; fileRef = 717E05911BFB2B42005CDC8B /* UIView+CodeFragments.m */; };
		717E05A01BFB2B53005CDC8B /* NetworkManager.m in Sources */ = {isa = PBXBuildFile; fileRef = 717E059F1BFB2B53005CDC8B /* NetworkManager.m */; };
/* End PBXBuildFile section */

/* Begin PBXFileReference section */
		717E05301BFAED4D005CDC8B /* CodeFragmentsDemo.app */ = {isa = PBXFileReference; explicitFileType = wrapper.application; includeInIndex = 0; path = CodeFragmentsDemo.app; sourceTree = BUILT_PRODUCTS_DIR; };
		717E05341BFAED4D005CDC8B /* main.m */ = {isa = PBXFileReference; lastKnownFileType = sourcecode.c.objc; path = main.m; sourceTree = "<group>"; };
		717E05361BFAED4D005CDC8B /* AppDelegate.h */ = {isa = PBXFileReference; lastKnownFileType = sourcecode.c.h; path = AppDelegate.h; sourceTree = "<group>"; };
		717E05371BFAED4D005CDC8B /* AppDelegate.m */ = {isa = PBXFileReference; lastKnownFileType = sourcecode.c.objc; path = AppDelegate.m; sourceTree = "<group>"; };
		717E05391BFAED4D005CDC8B /* ViewController.h */ = {isa = PBXFileReference; lastKnownFileType = sourcecode.c.h; path = ViewController.h; sourceTree = "<group>"; };
		717E053A1BFAED4D005CDC8B /* ViewController.m */ = {isa = PBXFileReference; lastKnownFileType = sourcecode.c.objc; path = ViewController.m; sourceTree = "<group>"; };
		717E053D1BFAED4D005CDC8B /* Base */ = {isa = PBXFileReference; lastKnownFileType = file.storyboard; name = Base; path = Base.lproj/Main.storyboard; sourceTree = "<group>"; };
		717E053F1BFAED4D005CDC8B /* Assets.xcassets */ = {isa = PBXFileReference; lastKnownFileType = folder.assetcatalog; path = Assets.xcassets; sourceTree = "<group>"; };
		717E05421BFAED4D005CDC8B /* Base */ = {isa = PBXFileReference; lastKnownFileType = file.storyboard; name = Base; path = Base.lproj/LaunchScreen.storyboard; sourceTree = "<group>"; };
		717E05441BFAED4D005CDC8B /* Info.plist */ = {isa = PBXFileReference; lastKnownFileType = text.plist.xml; path = Info.plist; sourceTree = "<group>"; };
		717E05791BFB2B42005CDC8B /* ALAssetsLibrary+CodeFragments.h */ = {isa = PBXFileReference; fileEncoding = 4; lastKnownFileType = sourcecode.c.h; path = "ALAssetsLibrary+CodeFragments.h"; sourceTree = "<group>"; };
		717E057A1BFB2B42005CDC8B /* ALAssetsLibrary+CodeFragments.m */ = {isa = PBXFileReference; fileEncoding = 4; lastKnownFileType = sourcecode.c.objc; path = "ALAssetsLibrary+CodeFragments.m"; sourceTree = "<group>"; };
		717E057B1BFB2B42005CDC8B /* CodeFragments.h */ = {isa = PBXFileReference; fileEncoding = 4; lastKnownFileType = sourcecode.c.h; path = CodeFragments.h; sourceTree = "<group>"; };
		717E057C1BFB2B42005CDC8B /* DefineFragments.h */ = {isa = PBXFileReference; fileEncoding = 4; lastKnownFileType = sourcecode.c.h; path = DefineFragments.h; sourceTree = "<group>"; };
		717E057D1BFB2B42005CDC8B /* NSArray+CodeFragments.h */ = {isa = PBXFileReference; fileEncoding = 4; lastKnownFileType = sourcecode.c.h; path = "NSArray+CodeFragments.h"; sourceTree = "<group>"; };
		717E057E1BFB2B42005CDC8B /* NSArray+CodeFragments.m */ = {isa = PBXFileReference; fileEncoding = 4; lastKnownFileType = sourcecode.c.objc; path = "NSArray+CodeFragments.m"; sourceTree = "<group>"; };
		717E057F1BFB2B42005CDC8B /* NSData+CodeFragments.h */ = {isa = PBXFileReference; fileEncoding = 4; lastKnownFileType = sourcecode.c.h; path = "NSData+CodeFragments.h"; sourceTree = "<group>"; };
		717E05801BFB2B42005CDC8B /* NSData+CodeFragments.m */ = {isa = PBXFileReference; fileEncoding = 4; lastKnownFileType = sourcecode.c.objc; path = "NSData+CodeFragments.m"; sourceTree = "<group>"; };
		717E05811BFB2B42005CDC8B /* NSDate+CodeFragments.h */ = {isa = PBXFileReference; fileEncoding = 4; lastKnownFileType = sourcecode.c.h; path = "NSDate+CodeFragments.h"; sourceTree = "<group>"; };
		717E05821BFB2B42005CDC8B /* NSDate+CodeFragments.m */ = {isa = PBXFileReference; fileEncoding = 4; lastKnownFileType = sourcecode.c.objc; path = "NSDate+CodeFragments.m"; sourceTree = "<group>"; };
		717E05831BFB2B42005CDC8B /* NSDateTimeAgo.bundle */ = {isa = PBXFileReference; lastKnownFileType = "wrapper.plug-in"; path = NSDateTimeAgo.bundle; sourceTree = "<group>"; };
		717E05841BFB2B42005CDC8B /* NSDictionary+CodeFragments.h */ = {isa = PBXFileReference; fileEncoding = 4; lastKnownFileType = sourcecode.c.h; path = "NSDictionary+CodeFragments.h"; sourceTree = "<group>"; };
		717E05851BFB2B42005CDC8B /* NSDictionary+CodeFragments.m */ = {isa = PBXFileReference; fileEncoding = 4; lastKnownFileType = sourcecode.c.objc; path = "NSDictionary+CodeFragments.m"; sourceTree = "<group>"; };
		717E05861BFB2B42005CDC8B /* NSObject+CodeFragments.h */ = {isa = PBXFileReference; fileEncoding = 4; lastKnownFileType = sourcecode.c.h; path = "NSObject+CodeFragments.h"; sourceTree = "<group>"; };
		717E05871BFB2B42005CDC8B /* NSObject+CodeFragments.m */ = {isa = PBXFileReference; fileEncoding = 4; lastKnownFileType = sourcecode.c.objc; path = "NSObject+CodeFragments.m"; sourceTree = "<group>"; };
		717E05881BFB2B42005CDC8B /* NSString+CodeFragments.h */ = {isa = PBXFileReference; fileEncoding = 4; lastKnownFileType = sourcecode.c.h; path = "NSString+CodeFragments.h"; sourceTree = "<group>"; };
		717E05891BFB2B42005CDC8B /* NSString+CodeFragments.m */ = {isa = PBXFileReference; fileEncoding = 4; lastKnownFileType = sourcecode.c.objc; path = "NSString+CodeFragments.m"; sourceTree = "<group>"; };
		717E058A1BFB2B42005CDC8B /* NSTimer+CodeFragments.h */ = {isa = PBXFileReference; fileEncoding = 4; lastKnownFileType = sourcecode.c.h; path = "NSTimer+CodeFragments.h"; sourceTree = "<group>"; };
		717E058B1BFB2B42005CDC8B /* NSTimer+CodeFragments.m */ = {isa = PBXFileReference; fileEncoding = 4; lastKnownFileType = sourcecode.c.objc; path = "NSTimer+CodeFragments.m"; sourceTree = "<group>"; };
		717E058C1BFB2B42005CDC8B /* UIColor+CodeFragments.h */ = {isa = PBXFileReference; fileEncoding = 4; lastKnownFileType = sourcecode.c.h; path = "UIColor+CodeFragments.h"; sourceTree = "<group>"; };
		717E058D1BFB2B42005CDC8B /* UIColor+CodeFragments.m */ = {isa = PBXFileReference; fileEncoding = 4; lastKnownFileType = sourcecode.c.objc; path = "UIColor+CodeFragments.m"; sourceTree = "<group>"; };
		717E058E1BFB2B42005CDC8B /* UIImage+CodeFragments.h */ = {isa = PBXFileReference; fileEncoding = 4; lastKnownFileType = sourcecode.c.h; path = "UIImage+CodeFragments.h"; sourceTree = "<group>"; };
		717E058F1BFB2B42005CDC8B /* UIImage+CodeFragments.m */ = {isa = PBXFileReference; fileEncoding = 4; lastKnownFileType = sourcecode.c.objc; path = "UIImage+CodeFragments.m"; sourceTree = "<group>"; };
		717E05901BFB2B42005CDC8B /* UIView+CodeFragments.h */ = {isa = PBXFileReference; fileEncoding = 4; lastKnownFileType = sourcecode.c.h; path = "UIView+CodeFragments.h"; sourceTree = "<group>"; };
		717E05911BFB2B42005CDC8B /* UIView+CodeFragments.m */ = {isa = PBXFileReference; fileEncoding = 4; lastKnownFileType = sourcecode.c.objc; path = "UIView+CodeFragments.m"; sourceTree = "<group>"; };
		717E059E1BFB2B53005CDC8B /* NetworkManager.h */ = {isa = PBXFileReference; fileEncoding = 4; lastKnownFileType = sourcecode.c.h; path = NetworkManager.h; sourceTree = "<group>"; };
		717E059F1BFB2B53005CDC8B /* NetworkManager.m */ = {isa = PBXFileReference; fileEncoding = 4; lastKnownFileType = sourcecode.c.objc; path = NetworkManager.m; sourceTree = "<group>"; };
/* End PBXFileReference section */

/* Begin PBXFrameworksBuildPhase section */
		717E052D1BFAED4D005CDC8B /* Frameworks */ = {
			isa = PBXFrameworksBuildPhase;
			buildActionMask = 2147483647;
			files = (
			);
			runOnlyForDeploymentPostprocessing = 0;
		};
/* End PBXFrameworksBuildPhase section */

/* Begin PBXGroup section */
		717E05271BFAED4D005CDC8B = {
			isa = PBXGroup;
			children = (
				717E05321BFAED4D005CDC8B /* CodeFragmentsDemo */,
				717E05311BFAED4D005CDC8B /* Products */,
			);
			sourceTree = "<group>";
		};
		717E05311BFAED4D005CDC8B /* Products */ = {
			isa = PBXGroup;
			children = (
				717E05301BFAED4D005CDC8B /* CodeFragmentsDemo.app */,
			);
			name = Products;
			sourceTree = "<group>";
		};
		717E05321BFAED4D005CDC8B /* CodeFragmentsDemo */ = {
			isa = PBXGroup;
			children = (
				717E05781BFB2B42005CDC8B /* CodeFragments */,
				717E05361BFAED4D005CDC8B /* AppDelegate.h */,
				717E05371BFAED4D005CDC8B /* AppDelegate.m */,
				717E05391BFAED4D005CDC8B /* ViewController.h */,
				717E053A1BFAED4D005CDC8B /* ViewController.m */,
				717E053C1BFAED4D005CDC8B /* Main.storyboard */,
				717E053F1BFAED4D005CDC8B /* Assets.xcassets */,
				717E05411BFAED4D005CDC8B /* LaunchScreen.storyboard */,
				717E05441BFAED4D005CDC8B /* Info.plist */,
				717E05331BFAED4D005CDC8B /* Supporting Files */,
			);
			path = CodeFragmentsDemo;
			sourceTree = "<group>";
		};
		717E05331BFAED4D005CDC8B /* Supporting Files */ = {
			isa = PBXGroup;
			children = (
				717E05341BFAED4D005CDC8B /* main.m */,
			);
			name = "Supporting Files";
			sourceTree = "<group>";
		};
		717E05781BFB2B42005CDC8B /* CodeFragments */ = {
			isa = PBXGroup;
			children = (
				717E059E1BFB2B53005CDC8B /* NetworkManager.h */,
				717E059F1BFB2B53005CDC8B /* NetworkManager.m */,
				717E05791BFB2B42005CDC8B /* ALAssetsLibrary+CodeFragments.h */,
				717E057A1BFB2B42005CDC8B /* ALAssetsLibrary+CodeFragments.m */,
				717E057B1BFB2B42005CDC8B /* CodeFragments.h */,
				717E057C1BFB2B42005CDC8B /* DefineFragments.h */,
				717E057D1BFB2B42005CDC8B /* NSArray+CodeFragments.h */,
				717E057E1BFB2B42005CDC8B /* NSArray+CodeFragments.m */,
				717E057F1BFB2B42005CDC8B /* NSData+CodeFragments.h */,
				717E05801BFB2B42005CDC8B /* NSData+CodeFragments.m */,
				717E05811BFB2B42005CDC8B /* NSDate+CodeFragments.h */,
				717E05821BFB2B42005CDC8B /* NSDate+CodeFragments.m */,
				717E05831BFB2B42005CDC8B /* NSDateTimeAgo.bundle */,
				717E05841BFB2B42005CDC8B /* NSDictionary+CodeFragments.h */,
				717E05851BFB2B42005CDC8B /* NSDictionary+CodeFragments.m */,
				717E05861BFB2B42005CDC8B /* NSObject+CodeFragments.h */,
				717E05871BFB2B42005CDC8B /* NSObject+CodeFragments.m */,
				717E05881BFB2B42005CDC8B /* NSString+CodeFragments.h */,
				717E05891BFB2B42005CDC8B /* NSString+CodeFragments.m */,
				717E058A1BFB2B42005CDC8B /* NSTimer+CodeFragments.h */,
				717E058B1BFB2B42005CDC8B /* NSTimer+CodeFragments.m */,
				717E058C1BFB2B42005CDC8B /* UIColor+CodeFragments.h */,
				717E058D1BFB2B42005CDC8B /* UIColor+CodeFragments.m */,
				717E058E1BFB2B42005CDC8B /* UIImage+CodeFragments.h */,
				717E058F1BFB2B42005CDC8B /* UIImage+CodeFragments.m */,
				717E05901BFB2B42005CDC8B /* UIView+CodeFragments.h */,
				717E05911BFB2B42005CDC8B /* UIView+CodeFragments.m */,
			);
			name = CodeFragments;
			path = ../../CodeFragments;
			sourceTree = "<group>";
		};
/* End PBXGroup section */

/* Begin PBXNativeTarget section */
		717E052F1BFAED4D005CDC8B /* CodeFragmentsDemo */ = {
			isa = PBXNativeTarget;
			buildConfigurationList = 717E05471BFAED4D005CDC8B /* Build configuration list for PBXNativeTarget "CodeFragmentsDemo" */;
			buildPhases = (
				717E052C1BFAED4D005CDC8B /* Sources */,
				717E052D1BFAED4D005CDC8B /* Frameworks */,
				717E052E1BFAED4D005CDC8B /* Resources */,
			);
			buildRules = (
			);
			dependencies = (
			);
			name = CodeFragmentsDemo;
			productName = CodeFragmentsDemo;
			productReference = 717E05301BFAED4D005CDC8B /* CodeFragmentsDemo.app */;
			productType = "com.apple.product-type.application";
		};
/* End PBXNativeTarget section */

/* Begin PBXProject section */
		717E05281BFAED4D005CDC8B /* Project object */ = {
			isa = PBXProject;
			attributes = {
				LastUpgradeCheck = 0710;
				ORGANIZATIONNAME = Jeevan;
				TargetAttributes = {
					717E052F1BFAED4D005CDC8B = {
						CreatedOnToolsVersion = 7.1.1;
					};
				};
			};
			buildConfigurationList = 717E052B1BFAED4D005CDC8B /* Build configuration list for PBXProject "CodeFragmentsDemo" */;
			compatibilityVersion = "Xcode 3.2";
			developmentRegion = English;
			hasScannedForEncodings = 0;
			knownRegions = (
				en,
				Base,
			);
			mainGroup = 717E05271BFAED4D005CDC8B;
			productRefGroup = 717E05311BFAED4D005CDC8B /* Products */;
			projectDirPath = "";
			projectRoot = "";
			targets = (
				717E052F1BFAED4D005CDC8B /* CodeFragmentsDemo */,
			);
		};
/* End PBXProject section */

/* Begin PBXResourcesBuildPhase section */
		717E052E1BFAED4D005CDC8B /* Resources */ = {
			isa = PBXResourcesBuildPhase;
			buildActionMask = 2147483647;
			files = (
				717E05431BFAED4D005CDC8B /* LaunchScreen.storyboard in Resources */,
				717E05961BFB2B42005CDC8B /* NSDateTimeAgo.bundle in Resources */,
				717E05401BFAED4D005CDC8B /* Assets.xcassets in Resources */,
				717E053E1BFAED4D005CDC8B /* Main.storyboard in Resources */,
			);
			runOnlyForDeploymentPostprocessing = 0;
		};
/* End PBXResourcesBuildPhase section */

/* Begin PBXSourcesBuildPhase section */
		717E052C1BFAED4D005CDC8B /* Sources */ = {
			isa = PBXSourcesBuildPhase;
			buildActionMask = 2147483647;
			files = (
				717E059C1BFB2B42005CDC8B /* UIImage+CodeFragments.m in Sources */,
				717E05951BFB2B42005CDC8B /* NSDate+CodeFragments.m in Sources */,
				717E05921BFB2B42005CDC8B /* ALAssetsLibrary+CodeFragments.m in Sources */,
				717E05991BFB2B42005CDC8B /* NSString+CodeFragments.m in Sources */,
				717E05941BFB2B42005CDC8B /* NSData+CodeFragments.m in Sources */,
				717E059A1BFB2B42005CDC8B /* NSTimer+CodeFragments.m in Sources */,
				717E05971BFB2B42005CDC8B /* NSDictionary+CodeFragments.m in Sources */,
				717E059D1BFB2B42005CDC8B /* UIView+CodeFragments.m in Sources */,
				717E05981BFB2B42005CDC8B /* NSObject+CodeFragments.m in Sources */,
				717E053B1BFAED4D005CDC8B /* ViewController.m in Sources */,
				717E059B1BFB2B42005CDC8B /* UIColor+CodeFragments.m in Sources */,
				717E05931BFB2B42005CDC8B /* NSArray+CodeFragments.m in Sources */,
				717E05381BFAED4D005CDC8B /* AppDelegate.m in Sources */,
				717E05A01BFB2B53005CDC8B /* NetworkManager.m in Sources */,
				717E05351BFAED4D005CDC8B /* main.m in Sources */,
			);
			runOnlyForDeploymentPostprocessing = 0;
		};
/* End PBXSourcesBuildPhase section */

/* Begin PBXVariantGroup section */
		717E053C1BFAED4D005CDC8B /* Main.storyboard */ = {
			isa = PBXVariantGroup;
			children = (
				717E053D1BFAED4D005CDC8B /* Base */,
			);
			name = Main.storyboard;
			sourceTree = "<group>";
		};
		717E05411BFAED4D005CDC8B /* LaunchScreen.storyboard */ = {
			isa = PBXVariantGroup;
			children = (
				717E05421BFAED4D005CDC8B /* Base */,
			);
			name = LaunchScreen.storyboard;
			sourceTree = "<group>";
		};
/* End PBXVariantGroup section */

/* Begin XCBuildConfiguration section */
		717E05451BFAED4D005CDC8B /* Debug */ = {
			isa = XCBuildConfiguration;
			buildSettings = {
				ALWAYS_SEARCH_USER_PATHS = NO;
				CLANG_CXX_LANGUAGE_STANDARD = "gnu++0x";
				CLANG_CXX_LIBRARY = "libc++";
				CLANG_ENABLE_MODULES = YES;
				CLANG_ENABLE_OBJC_ARC = YES;
				CLANG_WARN_BOOL_CONVERSION = YES;
				CLANG_WARN_CONSTANT_CONVERSION = YES;
				CLANG_WARN_DIRECT_OBJC_ISA_USAGE = YES_ERROR;
				CLANG_WARN_EMPTY_BODY = YES;
				CLANG_WARN_ENUM_CONVERSION = YES;
				CLANG_WARN_INT_CONVERSION = YES;
				CLANG_WARN_OBJC_ROOT_CLASS = YES_ERROR;
				CLANG_WARN_UNREACHABLE_CODE = YES;
				CLANG_WARN__DUPLICATE_METHOD_MATCH = YES;
				"CODE_SIGN_IDENTITY[sdk=iphoneos*]" = "iPhone Developer";
				COPY_PHASE_STRIP = NO;
				DEBUG_INFORMATION_FORMAT = dwarf;
				ENABLE_STRICT_OBJC_MSGSEND = YES;
				ENABLE_TESTABILITY = YES;
				GCC_C_LANGUAGE_STANDARD = gnu99;
				GCC_DYNAMIC_NO_PIC = NO;
				GCC_NO_COMMON_BLOCKS = YES;
				GCC_OPTIMIZATION_LEVEL = 0;
				GCC_PREPROCESSOR_DEFINITIONS = (
					"DEBUG=1",
					"$(inherited)",
				);
				GCC_WARN_64_TO_32_BIT_CONVERSION = YES;
				GCC_WARN_ABOUT_RETURN_TYPE = YES_ERROR;
				GCC_WARN_UNDECLARED_SELECTOR = YES;
				GCC_WARN_UNINITIALIZED_AUTOS = YES_AGGRESSIVE;
				GCC_WARN_UNUSED_FUNCTION = YES;
				GCC_WARN_UNUSED_VARIABLE = YES;
				IPHONEOS_DEPLOYMENT_TARGET = 8.0;
				MTL_ENABLE_DEBUG_INFO = YES;
				ONLY_ACTIVE_ARCH = YES;
				SDKROOT = iphoneos;
				TARGETED_DEVICE_FAMILY = "1,2";
			};
			name = Debug;
		};
		717E05461BFAED4D005CDC8B /* Release */ = {
			isa = XCBuildConfiguration;
			buildSettings = {
				ALWAYS_SEARCH_USER_PATHS = NO;
				CLANG_CXX_LANGUAGE_STANDARD = "gnu++0x";
				CLANG_CXX_LIBRARY = "libc++";
				CLANG_ENABLE_MODULES = YES;
				CLANG_ENABLE_OBJC_ARC = YES;
				CLANG_WARN_BOOL_CONVERSION = YES;
				CLANG_WARN_CONSTANT_CONVERSION = YES;
				CLANG_WARN_DIRECT_OBJC_ISA_USAGE = YES_ERROR;
				CLANG_WARN_EMPTY_BODY = YES;
				CLANG_WARN_ENUM_CONVERSION = YES;
				CLANG_WARN_INT_CONVERSION = YES;
				CLANG_WARN_OBJC_ROOT_CLASS = YES_ERROR;
				CLANG_WARN_UNREACHABLE_CODE = YES;
				CLANG_WARN__DUPLICATE_METHOD_MATCH = YES;
				"CODE_SIGN_IDENTITY[sdk=iphoneos*]" = "iPhone Developer";
				COPY_PHASE_STRIP = NO;
				DEBUG_INFORMATION_FORMAT = "dwarf-with-dsym";
				ENABLE_NS_ASSERTIONS = NO;
				ENABLE_STRICT_OBJC_MSGSEND = YES;
				GCC_C_LANGUAGE_STANDARD = gnu99;
				GCC_NO_COMMON_BLOCKS = YES;
				GCC_WARN_64_TO_32_BIT_CONVERSION = YES;
				GCC_WARN_ABOUT_RETURN_TYPE = YES_ERROR;
				GCC_WARN_UNDECLARED_SELECTOR = YES;
				GCC_WARN_UNINITIALIZED_AUTOS = YES_AGGRESSIVE;
				GCC_WARN_UNUSED_FUNCTION = YES;
				GCC_WARN_UNUSED_VARIABLE = YES;
				IPHONEOS_DEPLOYMENT_TARGET = 8.0;
				MTL_ENABLE_DEBUG_INFO = NO;
				SDKROOT = iphoneos;
				TARGETED_DEVICE_FAMILY = "1,2";
				VALIDATE_PRODUCT = YES;
			};
			name = Release;
		};
		717E05481BFAED4D005CDC8B /* Debug */ = {
			isa = XCBuildConfiguration;
			buildSettings = {
				ASSETCATALOG_COMPILER_APPICON_NAME = AppIcon;
				INFOPLIST_FILE = CodeFragmentsDemo/Info.plist;
				LD_RUNPATH_SEARCH_PATHS = "$(inherited) @executable_path/Frameworks";
				PRODUCT_BUNDLE_IDENTIFIER = "-.CodeFragmentsDemo";
				PRODUCT_NAME = "$(TARGET_NAME)";
			};
			name = Debug;
		};
		717E05491BFAED4D005CDC8B /* Release */ = {
			isa = XCBuildConfiguration;
			buildSettings = {
				ASSETCATALOG_COMPILER_APPICON_NAME = AppIcon;
				INFOPLIST_FILE = CodeFragmentsDemo/Info.plist;
				LD_RUNPATH_SEARCH_PATHS = "$(inherited) @executable_path/Frameworks";
				PRODUCT_BUNDLE_IDENTIFIER = "-.CodeFragmentsDemo";
				PRODUCT_NAME = "$(TARGET_NAME)";
			};
			name = Release;
		};
/* End XCBuildConfiguration section */

/* Begin XCConfigurationList section */
		717E052B1BFAED4D005CDC8B /* Build configuration list for PBXProject "CodeFragmentsDemo" */ = {
			isa = XCConfigurationList;
			buildConfigurations = (
				717E05451BFAED4D005CDC8B /* Debug */,
				717E05461BFAED4D005CDC8B /* Release */,
			);
			defaultConfigurationIsVisible = 0;
			defaultConfigurationName = Release;
		};
		717E05471BFAED4D005CDC8B /* Build configuration list for PBXNativeTarget "CodeFragmentsDemo" */ = {
			isa = XCConfigurationList;
			buildConfigurations = (
				717E05481BFAED4D005CDC8B /* Debug */,
				717E05491BFAED4D005CDC8B /* Release */,
			);
			defaultConfigurationIsVisible = 0;
			defaultConfigurationName = Release;
		};
/* End XCConfigurationList section */
	};
	rootObject = 717E05281BFAED4D005CDC8B /* Project object */;
}
